
Microsoft Visual Studio Solution File, Format Version 12.00
# Visual Studio Version 17
VisualStudioVersion = 17.1.32407.343
MinimumVisualStudioVersion = 10.0.40219.1
Project("{FAE04EC0-301F-11D3-BF4B-00C04F79EFBC}") = "ConsoleAppSaveStagesTelegramBot", "ConsoleAppSaveStagesTelegramBot\ConsoleAppSaveStagesTelegramBot.csproj", "{0D2781BC-3769-4F24-A5B5-395C238B44DD}"
EndProject
Global
	GlobalSection(SolutionConfigurationPlatforms) = preSolution
		Debug|Any CPU = Debug|Any CPU
		Release|Any CPU = Release|Any CPU
	EndGlobalSection
	GlobalSection(ProjectConfigurationPlatforms) = postSolution
		{0D2781BC-3769-4F24-A5B5-395C238B44DD}.Debug|Any CPU.ActiveCfg = Debug|Any CPU
		{0D2781BC-3769-4F24-A5B5-395C238B44DD}.Debug|Any CPU.Build.0 = Debug|Any CPU
		{0D2781BC-3769-4F24-A5B5-395C238B44DD}.Release|Any CPU.ActiveCfg = Release|Any CPU
		{0D2781BC-3769-4F24-A5B5-395C238B44DD}.Release|Any CPU.Build.0 = Release|Any CPU
	EndGlobalSection
	GlobalSection(SolutionProperties) = preSolution
		HideSolutionNode = FALSE
	EndGlobalSection
	GlobalSection(ExtensibilityGlobals) = postSolution
		SolutionGuid = {36F4FEDE-06EC-42A3-92B1-C5ED25C17DE5}
	EndGlobalSection
EndGlobal
